
Microsoft Visual Studio Solution File, Format Version 12.00
# Visual Studio Version 16
VisualStudioVersion = 16.0.30503.244
MinimumVisualStudioVersion = 10.0.40219.1
Project("{FAE04EC0-301F-11D3-BF4B-00C04F79EFBC}") = "EmployeeManagement", "EmployeeManagement\EmployeeManagement.csproj", "{FE861256-4329-4F9C-9797-6BA3E1735D33}"
EndProject
Project("{FAE04EC0-301F-11D3-BF4B-00C04F79EFBC}") = "Utilities", "Utilities\Utilities.csproj", "{3FE7EB49-318F-4772-AAEB-FA4B0720794D}"
EndProject
Global
	GlobalSection(SolutionConfigurationPlatforms) = preSolution
		Debug|Any CPU = Debug|Any CPU
		Release|Any CPU = Release|Any CPU
	EndGlobalSection
	GlobalSection(ProjectConfigurationPlatforms) = postSolution
		{FE861256-4329-4F9C-9797-6BA3E1735D33}.Debug|Any CPU.ActiveCfg = Debug|Any CPU
		{FE861256-4329-4F9C-9797-6BA3E1735D33}.Debug|Any CPU.Build.0 = Debug|Any CPU
		{FE861256-4329-4F9C-9797-6BA3E1735D33}.Release|Any CPU.ActiveCfg = Release|Any CPU
		{FE861256-4329-4F9C-9797-6BA3E1735D33}.Release|Any CPU.Build.0 = Release|Any CPU
		{3FE7EB49-318F-4772-AAEB-FA4B0720794D}.Debug|Any CPU.ActiveCfg = Debug|Any CPU
		{3FE7EB49-318F-4772-AAEB-FA4B0720794D}.Debug|Any CPU.Build.0 = Debug|Any CPU
		{3FE7EB49-318F-4772-AAEB-FA4B0720794D}.Release|Any CPU.ActiveCfg = Release|Any CPU
		{3FE7EB49-318F-4772-AAEB-FA4B0720794D}.Release|Any CPU.Build.0 = Release|Any CPU
	EndGlobalSection
	GlobalSection(SolutionProperties) = preSolution
		HideSolutionNode = FALSE
	EndGlobalSection
	GlobalSection(ExtensibilityGlobals) = postSolution
		SolutionGuid = {4319540F-3EC4-4945-AC98-2AB46B7D1595}
	EndGlobalSection
EndGlobal
