
Microsoft Visual Studio Solution File, Format Version 12.00
# Visual Studio Version 16
VisualStudioVersion = 16.0.30503.244
MinimumVisualStudioVersion = 10.0.40219.1
Project("{9A19103F-16F7-4668-BE54-9A1E7A4F7556}") = "EmployeeManagement", "EmployeeManagement\EmployeeManagement.csproj", "{FE861256-4329-4F9C-9797-6BA3E1735D33}"
EndProject
Project("{9A19103F-16F7-4668-BE54-9A1E7A4F7556}") = "LimitedEmployeeApplication", "LimitedEmployee\LimitedEmployeeApplication.csproj", "{ACB1C1A7-2479-4E92-82ED-29A22ACC5389}"
EndProject
Project("{FAE04EC0-301F-11D3-BF4B-00C04F79EFBC}") = "AdminApplication", "AdminApplication\AdminApplication.csproj", "{73032FD2-C5B6-43D0-86A4-7AD3A816EBE2}"
EndProject
Project("{FAE04EC0-301F-11D3-BF4B-00C04F79EFBC}") = "DataStorage", "DataStorage\DataStorage.csproj", "{CB947417-C62C-492D-9D79-2B6348877C98}"
EndProject
Global
	GlobalSection(SolutionConfigurationPlatforms) = preSolution
		Debug|Any CPU = Debug|Any CPU
		Release|Any CPU = Release|Any CPU
	EndGlobalSection
	GlobalSection(ProjectConfigurationPlatforms) = postSolution
		{FE861256-4329-4F9C-9797-6BA3E1735D33}.Debug|Any CPU.ActiveCfg = Debug|Any CPU
		{FE861256-4329-4F9C-9797-6BA3E1735D33}.Debug|Any CPU.Build.0 = Debug|Any CPU
		{FE861256-4329-4F9C-9797-6BA3E1735D33}.Release|Any CPU.ActiveCfg = Release|Any CPU
		{FE861256-4329-4F9C-9797-6BA3E1735D33}.Release|Any CPU.Build.0 = Release|Any CPU
		{ACB1C1A7-2479-4E92-82ED-29A22ACC5389}.Debug|Any CPU.ActiveCfg = Debug|Any CPU
		{ACB1C1A7-2479-4E92-82ED-29A22ACC5389}.Debug|Any CPU.Build.0 = Debug|Any CPU
		{ACB1C1A7-2479-4E92-82ED-29A22ACC5389}.Release|Any CPU.ActiveCfg = Release|Any CPU
		{ACB1C1A7-2479-4E92-82ED-29A22ACC5389}.Release|Any CPU.Build.0 = Release|Any CPU
		{73032FD2-C5B6-43D0-86A4-7AD3A816EBE2}.Debug|Any CPU.ActiveCfg = Debug|Any CPU
		{73032FD2-C5B6-43D0-86A4-7AD3A816EBE2}.Debug|Any CPU.Build.0 = Debug|Any CPU
		{73032FD2-C5B6-43D0-86A4-7AD3A816EBE2}.Release|Any CPU.ActiveCfg = Release|Any CPU
		{73032FD2-C5B6-43D0-86A4-7AD3A816EBE2}.Release|Any CPU.Build.0 = Release|Any CPU
		{CB947417-C62C-492D-9D79-2B6348877C98}.Debug|Any CPU.ActiveCfg = Debug|Any CPU
		{CB947417-C62C-492D-9D79-2B6348877C98}.Debug|Any CPU.Build.0 = Debug|Any CPU
		{CB947417-C62C-492D-9D79-2B6348877C98}.Release|Any CPU.ActiveCfg = Release|Any CPU
		{CB947417-C62C-492D-9D79-2B6348877C98}.Release|Any CPU.Build.0 = Release|Any CPU
	EndGlobalSection
	GlobalSection(SolutionProperties) = preSolution
		HideSolutionNode = FALSE
	EndGlobalSection
	GlobalSection(ExtensibilityGlobals) = postSolution
		SolutionGuid = {4319540F-3EC4-4945-AC98-2AB46B7D1595}
	EndGlobalSection
EndGlobal
